
Microsoft Visual Studio Solution File, Format Version 12.00
# Visual Studio Version 17
VisualStudioVersion = 17.11.35312.102
MinimumVisualStudioVersion = 10.0.40219.1
Project("{FAE04EC0-301F-11D3-BF4B-00C04F79EFBC}") = "P5_2_714230051", "P5_2_714230051\P5_2_714230051.csproj", "{721D77D5-9587-49C4-A539-C58A4D849003}"
EndProject
Global
	GlobalSection(SolutionConfigurationPlatforms) = preSolution
		Debug|Any CPU = Debug|Any CPU
		Release|Any CPU = Release|Any CPU
	EndGlobalSection
	GlobalSection(ProjectConfigurationPlatforms) = postSolution
		{721D77D5-9587-49C4-A539-C58A4D849003}.Debug|Any CPU.ActiveCfg = Debug|Any CPU
		{721D77D5-9587-49C4-A539-C58A4D849003}.Debug|Any CPU.Build.0 = Debug|Any CPU
		{721D77D5-9587-49C4-A539-C58A4D849003}.Release|Any CPU.ActiveCfg = Release|Any CPU
		{721D77D5-9587-49C4-A539-C58A4D849003}.Release|Any CPU.Build.0 = Release|Any CPU
	EndGlobalSection
	GlobalSection(SolutionProperties) = preSolution
		HideSolutionNode = FALSE
	EndGlobalSection
	GlobalSection(ExtensibilityGlobals) = postSolution
		SolutionGuid = {8D92E9FF-24A3-4FB1-8E50-95C4C48F5320}
	EndGlobalSection
EndGlobal
