
Microsoft Visual Studio Solution File, Format Version 12.00
# Visual Studio Version 17
VisualStudioVersion = 17.11.35312.102
MinimumVisualStudioVersion = 10.0.40219.1
Project("{FAE04EC0-301F-11D3-BF4B-00C04F79EFBC}") = "P9_714230051", "P9_714230051\P9_714230051.csproj", "{6F8CCD1E-AA9F-462C-99F8-F75C7FBDF569}"
EndProject
Global
	GlobalSection(SolutionConfigurationPlatforms) = preSolution
		Debug|Any CPU = Debug|Any CPU
		Release|Any CPU = Release|Any CPU
	EndGlobalSection
	GlobalSection(ProjectConfigurationPlatforms) = postSolution
		{6F8CCD1E-AA9F-462C-99F8-F75C7FBDF569}.Debug|Any CPU.ActiveCfg = Debug|Any CPU
		{6F8CCD1E-AA9F-462C-99F8-F75C7FBDF569}.Debug|Any CPU.Build.0 = Debug|Any CPU
		{6F8CCD1E-AA9F-462C-99F8-F75C7FBDF569}.Release|Any CPU.ActiveCfg = Release|Any CPU
		{6F8CCD1E-AA9F-462C-99F8-F75C7FBDF569}.Release|Any CPU.Build.0 = Release|Any CPU
	EndGlobalSection
	GlobalSection(SolutionProperties) = preSolution
		HideSolutionNode = FALSE
	EndGlobalSection
	GlobalSection(ExtensibilityGlobals) = postSolution
		SolutionGuid = {CDC009C6-EA42-4D51-9C19-857691C228CA}
	EndGlobalSection
EndGlobal
