
Microsoft Visual Studio Solution File, Format Version 12.00
# Visual Studio Version 17
VisualStudioVersion = 17.11.35312.102
MinimumVisualStudioVersion = 10.0.40219.1
Project("{FAE04EC0-301F-11D3-BF4B-00C04F79EFBC}") = "P4_1_714230051", "P4_1_714230051\P4_1_714230051.csproj", "{ACFCC3BD-4B56-439F-B617-498215CFD579}"
EndProject
Global
	GlobalSection(SolutionConfigurationPlatforms) = preSolution
		Debug|Any CPU = Debug|Any CPU
		Release|Any CPU = Release|Any CPU
	EndGlobalSection
	GlobalSection(ProjectConfigurationPlatforms) = postSolution
		{ACFCC3BD-4B56-439F-B617-498215CFD579}.Debug|Any CPU.ActiveCfg = Debug|Any CPU
		{ACFCC3BD-4B56-439F-B617-498215CFD579}.Debug|Any CPU.Build.0 = Debug|Any CPU
		{ACFCC3BD-4B56-439F-B617-498215CFD579}.Release|Any CPU.ActiveCfg = Release|Any CPU
		{ACFCC3BD-4B56-439F-B617-498215CFD579}.Release|Any CPU.Build.0 = Release|Any CPU
	EndGlobalSection
	GlobalSection(SolutionProperties) = preSolution
		HideSolutionNode = FALSE
	EndGlobalSection
	GlobalSection(ExtensibilityGlobals) = postSolution
		SolutionGuid = {1979617C-2E41-471F-9F4C-5A00CA24347F}
	EndGlobalSection
EndGlobal
