
Microsoft Visual Studio Solution File, Format Version 12.00
# Visual Studio Version 17
VisualStudioVersion = 17.11.35312.102
MinimumVisualStudioVersion = 10.0.40219.1
Project("{FAE04EC0-301F-11D3-BF4B-00C04F79EFBC}") = "P5_1_714230051", "P5_1_714230051\P5_1_714230051.csproj", "{C0A61423-288F-47AD-9276-40DD2B0AFD8F}"
EndProject
Global
	GlobalSection(SolutionConfigurationPlatforms) = preSolution
		Debug|Any CPU = Debug|Any CPU
		Release|Any CPU = Release|Any CPU
	EndGlobalSection
	GlobalSection(ProjectConfigurationPlatforms) = postSolution
		{C0A61423-288F-47AD-9276-40DD2B0AFD8F}.Debug|Any CPU.ActiveCfg = Debug|Any CPU
		{C0A61423-288F-47AD-9276-40DD2B0AFD8F}.Debug|Any CPU.Build.0 = Debug|Any CPU
		{C0A61423-288F-47AD-9276-40DD2B0AFD8F}.Release|Any CPU.ActiveCfg = Release|Any CPU
		{C0A61423-288F-47AD-9276-40DD2B0AFD8F}.Release|Any CPU.Build.0 = Release|Any CPU
	EndGlobalSection
	GlobalSection(SolutionProperties) = preSolution
		HideSolutionNode = FALSE
	EndGlobalSection
	GlobalSection(ExtensibilityGlobals) = postSolution
		SolutionGuid = {1CE60E7A-7CDE-4C3C-A497-127E4B67EB1A}
	EndGlobalSection
EndGlobal
