
Microsoft Visual Studio Solution File, Format Version 12.00
# Visual Studio Version 17
VisualStudioVersion = 17.11.35312.102
MinimumVisualStudioVersion = 10.0.40219.1
Project("{FAE04EC0-301F-11D3-BF4B-00C04F79EFBC}") = "P6_3_714230051", "P6_3_714230051\P6_3_714230051.csproj", "{B2606A93-D34E-4C68-BD1D-C45770F89C6E}"
EndProject
Global
	GlobalSection(SolutionConfigurationPlatforms) = preSolution
		Debug|Any CPU = Debug|Any CPU
		Release|Any CPU = Release|Any CPU
	EndGlobalSection
	GlobalSection(ProjectConfigurationPlatforms) = postSolution
		{B2606A93-D34E-4C68-BD1D-C45770F89C6E}.Debug|Any CPU.ActiveCfg = Debug|Any CPU
		{B2606A93-D34E-4C68-BD1D-C45770F89C6E}.Debug|Any CPU.Build.0 = Debug|Any CPU
		{B2606A93-D34E-4C68-BD1D-C45770F89C6E}.Release|Any CPU.ActiveCfg = Release|Any CPU
		{B2606A93-D34E-4C68-BD1D-C45770F89C6E}.Release|Any CPU.Build.0 = Release|Any CPU
	EndGlobalSection
	GlobalSection(SolutionProperties) = preSolution
		HideSolutionNode = FALSE
	EndGlobalSection
	GlobalSection(ExtensibilityGlobals) = postSolution
		SolutionGuid = {263613A5-1633-4295-AC04-B7BC288AA0DF}
	EndGlobalSection
EndGlobal
