
Microsoft Visual Studio Solution File, Format Version 12.00
# Visual Studio Version 17
VisualStudioVersion = 17.11.35312.102
MinimumVisualStudioVersion = 10.0.40219.1
Project("{FAE04EC0-301F-11D3-BF4B-00C04F79EFBC}") = "P6_1_714230051", "P6_1_714230051\P6_1_714230051.csproj", "{2F4FAC7E-33C4-4F2C-8F10-E01F8678DF79}"
EndProject
Global
	GlobalSection(SolutionConfigurationPlatforms) = preSolution
		Debug|Any CPU = Debug|Any CPU
		Release|Any CPU = Release|Any CPU
	EndGlobalSection
	GlobalSection(ProjectConfigurationPlatforms) = postSolution
		{2F4FAC7E-33C4-4F2C-8F10-E01F8678DF79}.Debug|Any CPU.ActiveCfg = Debug|Any CPU
		{2F4FAC7E-33C4-4F2C-8F10-E01F8678DF79}.Debug|Any CPU.Build.0 = Debug|Any CPU
		{2F4FAC7E-33C4-4F2C-8F10-E01F8678DF79}.Release|Any CPU.ActiveCfg = Release|Any CPU
		{2F4FAC7E-33C4-4F2C-8F10-E01F8678DF79}.Release|Any CPU.Build.0 = Release|Any CPU
	EndGlobalSection
	GlobalSection(SolutionProperties) = preSolution
		HideSolutionNode = FALSE
	EndGlobalSection
	GlobalSection(ExtensibilityGlobals) = postSolution
		SolutionGuid = {0D434805-A67A-4773-9B83-56227020A38C}
	EndGlobalSection
EndGlobal
