
Microsoft Visual Studio Solution File, Format Version 12.00
# Visual Studio Version 17
VisualStudioVersion = 17.11.35312.102
MinimumVisualStudioVersion = 10.0.40219.1
Project("{FAE04EC0-301F-11D3-BF4B-00C04F79EFBC}") = "P4_2_714230051", "P4_2_714230051\P4_2_714230051.csproj", "{1CF45AB5-F508-47A7-9444-82BA0A834ECE}"
EndProject
Global
	GlobalSection(SolutionConfigurationPlatforms) = preSolution
		Debug|Any CPU = Debug|Any CPU
		Release|Any CPU = Release|Any CPU
	EndGlobalSection
	GlobalSection(ProjectConfigurationPlatforms) = postSolution
		{1CF45AB5-F508-47A7-9444-82BA0A834ECE}.Debug|Any CPU.ActiveCfg = Debug|Any CPU
		{1CF45AB5-F508-47A7-9444-82BA0A834ECE}.Debug|Any CPU.Build.0 = Debug|Any CPU
		{1CF45AB5-F508-47A7-9444-82BA0A834ECE}.Release|Any CPU.ActiveCfg = Release|Any CPU
		{1CF45AB5-F508-47A7-9444-82BA0A834ECE}.Release|Any CPU.Build.0 = Release|Any CPU
	EndGlobalSection
	GlobalSection(SolutionProperties) = preSolution
		HideSolutionNode = FALSE
	EndGlobalSection
	GlobalSection(ExtensibilityGlobals) = postSolution
		SolutionGuid = {094C3827-AE14-4337-8022-82C45D5CC4B5}
	EndGlobalSection
EndGlobal
